
Microsoft Visual Studio Solution File, Format Version 12.00
# Visual Studio Version 17
VisualStudioVersion = 17.0.31903.59
MinimumVisualStudioVersion = 10.0.40219.1
Project("{FAE04EC0-301F-11D3-BF4B-00C04F79EFBC}") = "Shared", "Shared\Shared.csproj", "{8DF0C5BD-B02A-4B96-B9F9-6B131AB0017C}"
EndProject
Project("{FAE04EC0-301F-11D3-BF4B-00C04F79EFBC}") = "PostService", "PostService\PostService.csproj", "{E40DB0BC-1D2B-494E-BB8C-D75784B0BF41}"
EndProject
Project("{FAE04EC0-301F-11D3-BF4B-00C04F79EFBC}") = "CommentService", "CommentService\CommentService.csproj", "{F9C4E6F7-8013-47B1-9DB8-88C983EC5FD7}"
EndProject
Project("{E53339B2-1760-4266-BCC7-CA923CBCF16C}") = "docker-compose", "docker-compose.dcproj", "{81DDED9D-158B-E303-5F62-77A2896D2A5A}"
EndProject
Global
	GlobalSection(SolutionConfigurationPlatforms) = preSolution
		Debug|Any CPU = Debug|Any CPU
		Debug|x64 = Debug|x64
		Debug|x86 = Debug|x86
		Release|Any CPU = Release|Any CPU
		Release|x64 = Release|x64
		Release|x86 = Release|x86
	EndGlobalSection
	GlobalSection(ProjectConfigurationPlatforms) = postSolution
		{8DF0C5BD-B02A-4B96-B9F9-6B131AB0017C}.Debug|Any CPU.ActiveCfg = Debug|Any CPU
		{8DF0C5BD-B02A-4B96-B9F9-6B131AB0017C}.Debug|Any CPU.Build.0 = Debug|Any CPU
		{8DF0C5BD-B02A-4B96-B9F9-6B131AB0017C}.Debug|x64.ActiveCfg = Debug|Any CPU
		{8DF0C5BD-B02A-4B96-B9F9-6B131AB0017C}.Debug|x64.Build.0 = Debug|Any CPU
		{8DF0C5BD-B02A-4B96-B9F9-6B131AB0017C}.Debug|x86.ActiveCfg = Debug|Any CPU
		{8DF0C5BD-B02A-4B96-B9F9-6B131AB0017C}.Debug|x86.Build.0 = Debug|Any CPU
		{8DF0C5BD-B02A-4B96-B9F9-6B131AB0017C}.Release|Any CPU.ActiveCfg = Release|Any CPU
		{8DF0C5BD-B02A-4B96-B9F9-6B131AB0017C}.Release|Any CPU.Build.0 = Release|Any CPU
		{8DF0C5BD-B02A-4B96-B9F9-6B131AB0017C}.Release|x64.ActiveCfg = Release|Any CPU
		{8DF0C5BD-B02A-4B96-B9F9-6B131AB0017C}.Release|x64.Build.0 = Release|Any CPU
		{8DF0C5BD-B02A-4B96-B9F9-6B131AB0017C}.Release|x86.ActiveCfg = Release|Any CPU
		{8DF0C5BD-B02A-4B96-B9F9-6B131AB0017C}.Release|x86.Build.0 = Release|Any CPU
		{E40DB0BC-1D2B-494E-BB8C-D75784B0BF41}.Debug|Any CPU.ActiveCfg = Debug|Any CPU
		{E40DB0BC-1D2B-494E-BB8C-D75784B0BF41}.Debug|Any CPU.Build.0 = Debug|Any CPU
		{E40DB0BC-1D2B-494E-BB8C-D75784B0BF41}.Debug|x64.ActiveCfg = Debug|Any CPU
		{E40DB0BC-1D2B-494E-BB8C-D75784B0BF41}.Debug|x64.Build.0 = Debug|Any CPU
		{E40DB0BC-1D2B-494E-BB8C-D75784B0BF41}.Debug|x86.ActiveCfg = Debug|Any CPU
		{E40DB0BC-1D2B-494E-BB8C-D75784B0BF41}.Debug|x86.Build.0 = Debug|Any CPU
		{E40DB0BC-1D2B-494E-BB8C-D75784B0BF41}.Release|Any CPU.ActiveCfg = Release|Any CPU
		{E40DB0BC-1D2B-494E-BB8C-D75784B0BF41}.Release|Any CPU.Build.0 = Release|Any CPU
		{E40DB0BC-1D2B-494E-BB8C-D75784B0BF41}.Release|x64.ActiveCfg = Release|Any CPU
		{E40DB0BC-1D2B-494E-BB8C-D75784B0BF41}.Release|x64.Build.0 = Release|Any CPU
		{E40DB0BC-1D2B-494E-BB8C-D75784B0BF41}.Release|x86.ActiveCfg = Release|Any CPU
		{E40DB0BC-1D2B-494E-BB8C-D75784B0BF41}.Release|x86.Build.0 = Release|Any CPU
		{F9C4E6F7-8013-47B1-9DB8-88C983EC5FD7}.Debug|Any CPU.ActiveCfg = Debug|Any CPU
		{F9C4E6F7-8013-47B1-9DB8-88C983EC5FD7}.Debug|Any CPU.Build.0 = Debug|Any CPU
		{F9C4E6F7-8013-47B1-9DB8-88C983EC5FD7}.Debug|x64.ActiveCfg = Debug|Any CPU
		{F9C4E6F7-8013-47B1-9DB8-88C983EC5FD7}.Debug|x64.Build.0 = Debug|Any CPU
		{F9C4E6F7-8013-47B1-9DB8-88C983EC5FD7}.Debug|x86.ActiveCfg = Debug|Any CPU
		{F9C4E6F7-8013-47B1-9DB8-88C983EC5FD7}.Debug|x86.Build.0 = Debug|Any CPU
		{F9C4E6F7-8013-47B1-9DB8-88C983EC5FD7}.Release|Any CPU.ActiveCfg = Release|Any CPU
		{F9C4E6F7-8013-47B1-9DB8-88C983EC5FD7}.Release|Any CPU.Build.0 = Release|Any CPU
		{F9C4E6F7-8013-47B1-9DB8-88C983EC5FD7}.Release|x64.ActiveCfg = Release|Any CPU
		{F9C4E6F7-8013-47B1-9DB8-88C983EC5FD7}.Release|x64.Build.0 = Release|Any CPU
		{F9C4E6F7-8013-47B1-9DB8-88C983EC5FD7}.Release|x86.ActiveCfg = Release|Any CPU
		{F9C4E6F7-8013-47B1-9DB8-88C983EC5FD7}.Release|x86.Build.0 = Release|Any CPU
		{81DDED9D-158B-E303-5F62-77A2896D2A5A}.Debug|Any CPU.ActiveCfg = Debug|Any CPU
		{81DDED9D-158B-E303-5F62-77A2896D2A5A}.Debug|Any CPU.Build.0 = Debug|Any CPU
		{81DDED9D-158B-E303-5F62-77A2896D2A5A}.Debug|x64.ActiveCfg = Debug|Any CPU
		{81DDED9D-158B-E303-5F62-77A2896D2A5A}.Debug|x64.Build.0 = Debug|Any CPU
		{81DDED9D-158B-E303-5F62-77A2896D2A5A}.Debug|x86.ActiveCfg = Debug|Any CPU
		{81DDED9D-158B-E303-5F62-77A2896D2A5A}.Debug|x86.Build.0 = Debug|Any CPU
		{81DDED9D-158B-E303-5F62-77A2896D2A5A}.Release|Any CPU.ActiveCfg = Release|Any CPU
		{81DDED9D-158B-E303-5F62-77A2896D2A5A}.Release|Any CPU.Build.0 = Release|Any CPU
		{81DDED9D-158B-E303-5F62-77A2896D2A5A}.Release|x64.ActiveCfg = Release|Any CPU
		{81DDED9D-158B-E303-5F62-77A2896D2A5A}.Release|x64.Build.0 = Release|Any CPU
		{81DDED9D-158B-E303-5F62-77A2896D2A5A}.Release|x86.ActiveCfg = Release|Any CPU
		{81DDED9D-158B-E303-5F62-77A2896D2A5A}.Release|x86.Build.0 = Release|Any CPU
	EndGlobalSection
	GlobalSection(SolutionProperties) = preSolution
		HideSolutionNode = FALSE
	EndGlobalSection
	GlobalSection(ExtensibilityGlobals) = postSolution
		SolutionGuid = {F706A838-DBEE-4822-9520-810A6AB8B9EE}
	EndGlobalSection
EndGlobal
